
Microsoft Visual Studio Solution File, Format Version 11.00
# Visual Studio 2010
Project("{FAE04EC0-301F-11D3-BF4B-00C04F79EFBC}") = "CSSParser", "CSSParser\CSSParser.csproj", "{F5F14D89-0958-40A0-9920-8C3245656F76}"
EndProject
Project("{FAE04EC0-301F-11D3-BF4B-00C04F79EFBC}") = "Tester", "Tester\Tester.csproj", "{2874F8B3-AB39-40C9-8C2B-9B0FD7EDB1F1}"
EndProject
Project("{FAE04EC0-301F-11D3-BF4B-00C04F79EFBC}") = "CSSRenderers", "CSSRenderers\CSSRenderers.csproj", "{16D4470D-F973-4261-90DC-AC248FC64827}"
EndProject
Global
	GlobalSection(SolutionConfigurationPlatforms) = preSolution
		Debug|Any CPU = Debug|Any CPU
		Debug|Mixed Platforms = Debug|Mixed Platforms
		Debug|x86 = Debug|x86
		Release|Any CPU = Release|Any CPU
		Release|Mixed Platforms = Release|Mixed Platforms
		Release|x86 = Release|x86
	EndGlobalSection
	GlobalSection(ProjectConfigurationPlatforms) = postSolution
		{F5F14D89-0958-40A0-9920-8C3245656F76}.Debug|Any CPU.ActiveCfg = Debug|x86
		{F5F14D89-0958-40A0-9920-8C3245656F76}.Debug|Mixed Platforms.ActiveCfg = Debug|x86
		{F5F14D89-0958-40A0-9920-8C3245656F76}.Debug|Mixed Platforms.Build.0 = Debug|x86
		{F5F14D89-0958-40A0-9920-8C3245656F76}.Debug|x86.ActiveCfg = Debug|x86
		{F5F14D89-0958-40A0-9920-8C3245656F76}.Debug|x86.Build.0 = Debug|x86
		{F5F14D89-0958-40A0-9920-8C3245656F76}.Release|Any CPU.ActiveCfg = Release|x86
		{F5F14D89-0958-40A0-9920-8C3245656F76}.Release|Mixed Platforms.ActiveCfg = Release|x86
		{F5F14D89-0958-40A0-9920-8C3245656F76}.Release|Mixed Platforms.Build.0 = Release|x86
		{F5F14D89-0958-40A0-9920-8C3245656F76}.Release|x86.ActiveCfg = Release|x86
		{F5F14D89-0958-40A0-9920-8C3245656F76}.Release|x86.Build.0 = Release|x86
		{2874F8B3-AB39-40C9-8C2B-9B0FD7EDB1F1}.Debug|Any CPU.ActiveCfg = Debug|x86
		{2874F8B3-AB39-40C9-8C2B-9B0FD7EDB1F1}.Debug|Mixed Platforms.ActiveCfg = Debug|x86
		{2874F8B3-AB39-40C9-8C2B-9B0FD7EDB1F1}.Debug|Mixed Platforms.Build.0 = Debug|x86
		{2874F8B3-AB39-40C9-8C2B-9B0FD7EDB1F1}.Debug|x86.ActiveCfg = Debug|x86
		{2874F8B3-AB39-40C9-8C2B-9B0FD7EDB1F1}.Debug|x86.Build.0 = Debug|x86
		{2874F8B3-AB39-40C9-8C2B-9B0FD7EDB1F1}.Release|Any CPU.ActiveCfg = Release|x86
		{2874F8B3-AB39-40C9-8C2B-9B0FD7EDB1F1}.Release|Mixed Platforms.ActiveCfg = Release|x86
		{2874F8B3-AB39-40C9-8C2B-9B0FD7EDB1F1}.Release|Mixed Platforms.Build.0 = Release|x86
		{2874F8B3-AB39-40C9-8C2B-9B0FD7EDB1F1}.Release|x86.ActiveCfg = Release|x86
		{2874F8B3-AB39-40C9-8C2B-9B0FD7EDB1F1}.Release|x86.Build.0 = Release|x86
		{16D4470D-F973-4261-90DC-AC248FC64827}.Debug|Any CPU.ActiveCfg = Debug|Any CPU
		{16D4470D-F973-4261-90DC-AC248FC64827}.Debug|Any CPU.Build.0 = Debug|Any CPU
		{16D4470D-F973-4261-90DC-AC248FC64827}.Debug|Mixed Platforms.ActiveCfg = Debug|Any CPU
		{16D4470D-F973-4261-90DC-AC248FC64827}.Debug|Mixed Platforms.Build.0 = Debug|Any CPU
		{16D4470D-F973-4261-90DC-AC248FC64827}.Debug|x86.ActiveCfg = Debug|Any CPU
		{16D4470D-F973-4261-90DC-AC248FC64827}.Release|Any CPU.ActiveCfg = Release|Any CPU
		{16D4470D-F973-4261-90DC-AC248FC64827}.Release|Any CPU.Build.0 = Release|Any CPU
		{16D4470D-F973-4261-90DC-AC248FC64827}.Release|Mixed Platforms.ActiveCfg = Release|Any CPU
		{16D4470D-F973-4261-90DC-AC248FC64827}.Release|Mixed Platforms.Build.0 = Release|Any CPU
		{16D4470D-F973-4261-90DC-AC248FC64827}.Release|x86.ActiveCfg = Release|Any CPU
	EndGlobalSection
	GlobalSection(SolutionProperties) = preSolution
		HideSolutionNode = FALSE
	EndGlobalSection
EndGlobal
